
Microsoft Visual Studio Solution File, Format Version 12.00
# Visual Studio 15
VisualStudioVersion = 15.0.27428.1
MinimumVisualStudioVersion = 10.0.40219.1
Project("{2150E333-8FDC-42A3-9474-1A3956D46DE8}") = "src", "src", "{664F9094-8048-4901-A950-0713CB33058A}"
EndProject

Project("{2150E333-8FDC-42A3-9474-1A3956D46DE8}") = "samples", "samples", "{DACABCA1-A758-414A-8B8C-1CFBF3E92619}"
EndProject

Project("{FAE04EC0-301F-11D3-BF4B-00C04F79EFBC}") = "JsonContractResolvers", "src\JsonContractResolvers\JsonContractResolvers.csproj", "{9FE26660-6A1F-44F3-933A-8BB715AEC1A5}"
EndProject

Project("{FAE04EC0-301F-11D3-BF4B-00C04F79EFBC}") = "JsonSample", "samples\JsonSample\JsonSample.csproj", "{BF711281-A9C3-4015-82D6-429E55292ED0}"
EndProject

Global
	GlobalSection(SolutionConfigurationPlatforms) = preSolution
		Debug|Any CPU = Debug|Any CPU
		Release|Any CPU = Release|Any CPU
	EndGlobalSection
	GlobalSection(ProjectConfigurationPlatforms) = postSolution
		{9FE26660-6A1F-44F3-933A-8BB715AEC1A5}.Debug|Any CPU.ActiveCfg = Debug|Any CPU
		{9FE26660-6A1F-44F3-933A-8BB715AEC1A5}.Debug|Any CPU.Build.0 = Debug|Any CPU
		{9FE26660-6A1F-44F3-933A-8BB715AEC1A5}.Release|Any CPU.ActiveCfg = Release|Any CPU
		{9FE26660-6A1F-44F3-933A-8BB715AEC1A5}.Release|Any CPU.Build.0 = Release|Any CPU
		{BF711281-A9C3-4015-82D6-429E55292ED0}.Debug|Any CPU.ActiveCfg = Debug|Any CPU
		{BF711281-A9C3-4015-82D6-429E55292ED0}.Debug|Any CPU.Build.0 = Debug|Any CPU
		{BF711281-A9C3-4015-82D6-429E55292ED0}.Release|Any CPU.ActiveCfg = Release|Any CPU
		{BF711281-A9C3-4015-82D6-429E55292ED0}.Release|Any CPU.Build.0 = Release|Any CPU
	EndGlobalSection
	GlobalSection(SolutionProperties) = preSolution
		HideSolutionNode = FALSE
	EndGlobalSection
	GlobalSection(NestedProjects) = preSolution
		{9FE26660-6A1F-44F3-933A-8BB715AEC1A5} = {664F9094-8048-4901-A950-0713CB33058A}
		{BF711281-A9C3-4015-82D6-429E55292ED0} = {DACABCA1-A758-414A-8B8C-1CFBF3E92619}
	EndGlobalSection
	GlobalSection(ExtensibilityGlobals) = postSolution
		SolutionGuid = {7E6C5D8E-62DE-4C9A-B099-2FAD135778A4}
	EndGlobalSection
EndGlobal
